// !$*UTF8*$!
{
	archiveVersion = 1;
	classes = {
	};
	objectVersion = 77;
	objects = {

/* Begin PBXBuildFile section */
		84CB6B9B2DB41E5C00A4A1D6 /* FirebaseAuth in Frameworks */ = {isa = PBXBuildFile; productRef = 84CB6B9A2DB41E5C00A4A1D6 /* FirebaseAuth */; };
		84DD22992DB020D200309BF4 /* Supabase in Frameworks */ = {isa = PBXBuildFile; productRef = 84DD22982DB020D200309BF4 /* Supabase */; };
/* End PBXBuildFile section */

/* Begin PBXContainerItemProxy section */
		84DD226A2DB01A5400309BF4 /* PBXContainerItemProxy */ = {
			isa = PBXContainerItemProxy;
			containerPortal = 84DD22542DB01A5300309BF4 /* Project object */;
			proxyType = 1;
			remoteGlobalIDString = 84DD225B2DB01A5300309BF4;
			remoteInfo = Rehal;
		};
		84DD22742DB01A5400309BF4 /* PBXContainerItemProxy */ = {
			isa = PBXContainerItemProxy;
			containerPortal = 84DD22542DB01A5300309BF4 /* Project object */;
			proxyType = 1;
			remoteGlobalIDString = 84DD225B2DB01A5300309BF4;
			remoteInfo = Rehal;
		};
/* End PBXContainerItemProxy section */

/* Begin PBXFileReference section */
		84DD225C2DB01A5300309BF4 /* Rehal.app */ = {isa = PBXFileReference; explicitFileType = wrapper.application; includeInIndex = 0; path = Rehal.app; sourceTree = BUILT_PRODUCTS_DIR; };
		84DD22692DB01A5400309BF4 /* RehalTests.xctest */ = {isa = PBXFileReference; explicitFileType = wrapper.cfbundle; includeInIndex = 0; path = RehalTests.xctest; sourceTree = BUILT_PRODUCTS_DIR; };
		84DD22732DB01A5400309BF4 /* RehalUITests.xctest */ = {isa = PBXFileReference; explicitFileType = wrapper.cfbundle; includeInIndex = 0; path = RehalUITests.xctest; sourceTree = BUILT_PRODUCTS_DIR; };
/* End PBXFileReference section */

/* Begin PBXFileSystemSynchronizedRootGroup section */
		84DD225E2DB01A5300309BF4 /* Rehal */ = {
			isa = PBXFileSystemSynchronizedRootGroup;
			path = Rehal;
			sourceTree = "<group>";
		};
		84DD226C2DB01A5400309BF4 /* RehalTests */ = {
			isa = PBXFileSystemSynchronizedRootGroup;
			path = RehalTests;
			sourceTree = "<group>";
		};
		84DD22762DB01A5400309BF4 /* RehalUITests */ = {
			isa = PBXFileSystemSynchronizedRootGroup;
			path = RehalUITests;
			sourceTree = "<group>";
		};
/* End PBXFileSystemSynchronizedRootGroup section */

/* Begin PBXFrameworksBuildPhase section */
		84DD22592DB01A5300309BF4 /* Frameworks */ = {
			isa = PBXFrameworksBuildPhase;
			buildActionMask = 2147483647;
			files = (
				84DD22992DB020D200309BF4 /* Supabase in Frameworks */,
				84CB6B9B2DB41E5C00A4A1D6 /* FirebaseAuth in Frameworks */,
			);
			runOnlyForDeploymentPostprocessing = 0;
		};
		84DD22662DB01A5400309BF4 /* Frameworks */ = {
			isa = PBXFrameworksBuildPhase;
			buildActionMask = 2147483647;
			files = (
			);
			runOnlyForDeploymentPostprocessing = 0;
		};
		84DD22702DB01A5400309BF4 /* Frameworks */ = {
			isa = PBXFrameworksBuildPhase;
			buildActionMask = 2147483647;
			files = (
			);
			runOnlyForDeploymentPostprocessing = 0;
		};
/* End PBXFrameworksBuildPhase section */

/* Begin PBXGroup section */
		84DD22532DB01A5300309BF4 = {
			isa = PBXGroup;
			children = (
				84DD225E2DB01A5300309BF4 /* Rehal */,
				84DD226C2DB01A5400309BF4 /* RehalTests */,
				84DD22762DB01A5400309BF4 /* RehalUITests */,
				84DD225D2DB01A5300309BF4 /* Products */,
			);
			sourceTree = "<group>";
		};
		84DD225D2DB01A5300309BF4 /* Products */ = {
			isa = PBXGroup;
			children = (
				84DD225C2DB01A5300309BF4 /* Rehal.app */,
				84DD22692DB01A5400309BF4 /* RehalTests.xctest */,
				84DD22732DB01A5400309BF4 /* RehalUITests.xctest */,
			);
			name = Products;
			sourceTree = "<group>";
		};
/* End PBXGroup section */

/* Begin PBXNativeTarget section */
		84DD225B2DB01A5300309BF4 /* Rehal */ = {
			isa = PBXNativeTarget;
			buildConfigurationList = 84DD227D2DB01A5400309BF4 /* Build configuration list for PBXNativeTarget "Rehal" */;
			buildPhases = (
				84DD22582DB01A5300309BF4 /* Sources */,
				84DD22592DB01A5300309BF4 /* Frameworks */,
				84DD225A2DB01A5300309BF4 /* Resources */,
			);
			buildRules = (
			);
			dependencies = (
			);
			fileSystemSynchronizedGroups = (
				84DD225E2DB01A5300309BF4 /* Rehal */,
			);
			name = Rehal;
			packageProductDependencies = (
				84DD22982DB020D200309BF4 /* Supabase */,
				84CB6B9A2DB41E5C00A4A1D6 /* FirebaseAuth */,
			);
			productName = Rehal;
			productReference = 84DD225C2DB01A5300309BF4 /* Rehal.app */;
			productType = "com.apple.product-type.application";
		};
		84DD22682DB01A5400309BF4 /* RehalTests */ = {
			isa = PBXNativeTarget;
			buildConfigurationList = 84DD22802DB01A5400309BF4 /* Build configuration list for PBXNativeTarget "RehalTests" */;
			buildPhases = (
				84DD22652DB01A5400309BF4 /* Sources */,
				84DD22662DB01A5400309BF4 /* Frameworks */,
				84DD22672DB01A5400309BF4 /* Resources */,
			);
			buildRules = (
			);
			dependencies = (
				84DD226B2DB01A5400309BF4 /* PBXTargetDependency */,
			);
			fileSystemSynchronizedGroups = (
				84DD226C2DB01A5400309BF4 /* RehalTests */,
			);
			name = RehalTests;
			packageProductDependencies = (
			);
			productName = RehalTests;
			productReference = 84DD22692DB01A5400309BF4 /* RehalTests.xctest */;
			productType = "com.apple.product-type.bundle.unit-test";
		};
		84DD22722DB01A5400309BF4 /* RehalUITests */ = {
			isa = PBXNativeTarget;
			buildConfigurationList = 84DD22832DB01A5400309BF4 /* Build configuration list for PBXNativeTarget "RehalUITests" */;
			buildPhases = (
				84DD226F2DB01A5400309BF4 /* Sources */,
				84DD22702DB01A5400309BF4 /* Frameworks */,
				84DD22712DB01A5400309BF4 /* Resources */,
			);
			buildRules = (
			);
			dependencies = (
				84DD22752DB01A5400309BF4 /* PBXTargetDependency */,
			);
			fileSystemSynchronizedGroups = (
				84DD22762DB01A5400309BF4 /* RehalUITests */,
			);
			name = RehalUITests;
			packageProductDependencies = (
			);
			productName = RehalUITests;
			productReference = 84DD22732DB01A5400309BF4 /* RehalUITests.xctest */;
			productType = "com.apple.product-type.bundle.ui-testing";
		};
/* End PBXNativeTarget section */

/* Begin PBXProject section */
		84DD22542DB01A5300309BF4 /* Project object */ = {
			isa = PBXProject;
			attributes = {
				BuildIndependentTargetsInParallel = 1;
				LastSwiftUpdateCheck = 1630;
				LastUpgradeCheck = 1630;
				TargetAttributes = {
					84DD225B2DB01A5300309BF4 = {
						CreatedOnToolsVersion = 16.3;
					};
					84DD22682DB01A5400309BF4 = {
						CreatedOnToolsVersion = 16.3;
						TestTargetID = 84DD225B2DB01A5300309BF4;
					};
					84DD22722DB01A5400309BF4 = {
						CreatedOnToolsVersion = 16.3;
						TestTargetID = 84DD225B2DB01A5300309BF4;
					};
				};
			};
			buildConfigurationList = 84DD22572DB01A5300309BF4 /* Build configuration list for PBXProject "Rehal" */;
			developmentRegion = en;
			hasScannedForEncodings = 0;
			knownRegions = (
				en,
				Base,
			);
			mainGroup = 84DD22532DB01A5300309BF4;
			minimizedProjectReferenceProxies = 1;
			packageReferences = (
				84DD22972DB020D200309BF4 /* XCRemoteSwiftPackageReference "supabase-swift" */,
				84CB6B992DB41E5C00A4A1D6 /* XCRemoteSwiftPackageReference "firebase-ios-sdk" */,
			);
			preferredProjectObjectVersion = 77;
			productRefGroup = 84DD225D2DB01A5300309BF4 /* Products */;
			projectDirPath = "";
			projectRoot = "";
			targets = (
				84DD225B2DB01A5300309BF4 /* Rehal */,
				84DD22682DB01A5400309BF4 /* RehalTests */,
				84DD22722DB01A5400309BF4 /* RehalUITests */,
			);
		};
/* End PBXProject section */

/* Begin PBXResourcesBuildPhase section */
		84DD225A2DB01A5300309BF4 /* Resources */ = {
			isa = PBXResourcesBuildPhase;
			buildActionMask = 2147483647;
			files = (
			);
			runOnlyForDeploymentPostprocessing = 0;
		};
		84DD22672DB01A5400309BF4 /* Resources */ = {
			isa = PBXResourcesBuildPhase;
			buildActionMask = 2147483647;
			files = (
			);
			runOnlyForDeploymentPostprocessing = 0;
		};
		84DD22712DB01A5400309BF4 /* Resources */ = {
			isa = PBXResourcesBuildPhase;
			buildActionMask = 2147483647;
			files = (
			);
			runOnlyForDeploymentPostprocessing = 0;
		};
/* End PBXResourcesBuildPhase section */

/* Begin PBXSourcesBuildPhase section */
		84DD22582DB01A5300309BF4 /* Sources */ = {
			isa = PBXSourcesBuildPhase;
			buildActionMask = 2147483647;
			files = (
			);
			runOnlyForDeploymentPostprocessing = 0;
		};
		84DD22652DB01A5400309BF4 /* Sources */ = {
			isa = PBXSourcesBuildPhase;
			buildActionMask = 2147483647;
			files = (
			);
			runOnlyForDeploymentPostprocessing = 0;
		};
		84DD226F2DB01A5400309BF4 /* Sources */ = {
			isa = PBXSourcesBuildPhase;
			buildActionMask = 2147483647;
			files = (
			);
			runOnlyForDeploymentPostprocessing = 0;
		};
/* End PBXSourcesBuildPhase section */

/* Begin PBXTargetDependency section */
		84DD226B2DB01A5400309BF4 /* PBXTargetDependency */ = {
			isa = PBXTargetDependency;
			target = 84DD225B2DB01A5300309BF4 /* Rehal */;
			targetProxy = 84DD226A2DB01A5400309BF4 /* PBXContainerItemProxy */;
		};
		84DD22752DB01A5400309BF4 /* PBXTargetDependency */ = {
			isa = PBXTargetDependency;
			target = 84DD225B2DB01A5300309BF4 /* Rehal */;
			targetProxy = 84DD22742DB01A5400309BF4 /* PBXContainerItemProxy */;
		};
/* End PBXTargetDependency section */

/* Begin XCBuildConfiguration section */
		84DD227B2DB01A5400309BF4 /* Debug */ = {
			isa = XCBuildConfiguration;
			buildSettings = {
				ALWAYS_SEARCH_USER_PATHS = NO;
				ASSETCATALOG_COMPILER_GENERATE_SWIFT_ASSET_SYMBOL_EXTENSIONS = YES;
				CLANG_ANALYZER_NONNULL = YES;
				CLANG_ANALYZER_NUMBER_OBJECT_CONVERSION = YES_AGGRESSIVE;
				CLANG_CXX_LANGUAGE_STANDARD = "gnu++20";
				CLANG_ENABLE_MODULES = YES;
				CLANG_ENABLE_OBJC_ARC = YES;
				CLANG_ENABLE_OBJC_WEAK = YES;
				CLANG_WARN_BLOCK_CAPTURE_AUTORELEASING = YES;
				CLANG_WARN_BOOL_CONVERSION = YES;
				CLANG_WARN_COMMA = YES;
				CLANG_WARN_CONSTANT_CONVERSION = YES;
				CLANG_WARN_DEPRECATED_OBJC_IMPLEMENTATIONS = YES;
				CLANG_WARN_DIRECT_OBJC_ISA_USAGE = YES_ERROR;
				CLANG_WARN_DOCUMENTATION_COMMENTS = YES;
				CLANG_WARN_EMPTY_BODY = YES;
				CLANG_WARN_ENUM_CONVERSION = YES;
				CLANG_WARN_INFINITE_RECURSION = YES;
				CLANG_WARN_INT_CONVERSION = YES;
				CLANG_WARN_NON_LITERAL_NULL_CONVERSION = YES;
				CLANG_WARN_OBJC_IMPLICIT_RETAIN_SELF = YES;
				CLANG_WARN_OBJC_LITERAL_CONVERSION = YES;
				CLANG_WARN_OBJC_ROOT_CLASS = YES_ERROR;
				CLANG_WARN_QUOTED_INCLUDE_IN_FRAMEWORK_HEADER = YES;
				CLANG_WARN_RANGE_LOOP_ANALYSIS = YES;
				CLANG_WARN_STRICT_PROTOTYPES = YES;
				CLANG_WARN_SUSPICIOUS_MOVE = YES;
				CLANG_WARN_UNGUARDED_AVAILABILITY = YES_AGGRESSIVE;
				CLANG_WARN_UNREACHABLE_CODE = YES;
				CLANG_WARN__DUPLICATE_METHOD_MATCH = YES;
				COPY_PHASE_STRIP = NO;
				DEBUG_INFORMATION_FORMAT = dwarf;
				ENABLE_STRICT_OBJC_MSGSEND = YES;
				ENABLE_TESTABILITY = YES;
				ENABLE_USER_SCRIPT_SANDBOXING = YES;
				GCC_C_LANGUAGE_STANDARD = gnu17;
				GCC_DYNAMIC_NO_PIC = NO;
				GCC_NO_COMMON_BLOCKS = YES;
				GCC_OPTIMIZATION_LEVEL = 0;
				GCC_PREPROCESSOR_DEFINITIONS = (
					"DEBUG=1",
					"$(inherited)",
				);
				GCC_WARN_64_TO_32_BIT_CONVERSION = YES;
				GCC_WARN_ABOUT_RETURN_TYPE = YES_ERROR;
				GCC_WARN_UNDECLARED_SELECTOR = YES;
				GCC_WARN_UNINITIALIZED_AUTOS = YES_AGGRESSIVE;
				GCC_WARN_UNUSED_FUNCTION = YES;
				GCC_WARN_UNUSED_VARIABLE = YES;
				IPHONEOS_DEPLOYMENT_TARGET = 18.4;
				LOCALIZATION_PREFERS_STRING_CATALOGS = YES;
				MTL_ENABLE_DEBUG_INFO = INCLUDE_SOURCE;
				MTL_FAST_MATH = YES;
				ONLY_ACTIVE_ARCH = YES;
				SDKROOT = iphoneos;
				SWIFT_ACTIVE_COMPILATION_CONDITIONS = "DEBUG $(inherited)";
				SWIFT_OPTIMIZATION_LEVEL = "-Onone";
			};
			name = Debug;
		};
		84DD227C2DB01A5400309BF4 /* Release */ = {
			isa = XCBuildConfiguration;
			buildSettings = {
				ALWAYS_SEARCH_USER_PATHS = NO;
				ASSETCATALOG_COMPILER_GENERATE_SWIFT_ASSET_SYMBOL_EXTENSIONS = YES;
				CLANG_ANALYZER_NONNULL = YES;
				CLANG_ANALYZER_NUMBER_OBJECT_CONVERSION = YES_AGGRESSIVE;
				CLANG_CXX_LANGUAGE_STANDARD = "gnu++20";
				CLANG_ENABLE_MODULES = YES;
				CLANG_ENABLE_OBJC_ARC = YES;
				CLANG_ENABLE_OBJC_WEAK = YES;
				CLANG_WARN_BLOCK_CAPTURE_AUTORELEASING = YES;
				CLANG_WARN_BOOL_CONVERSION = YES;
				CLANG_WARN_COMMA = YES;
				CLANG_WARN_CONSTANT_CONVERSION = YES;
				CLANG_WARN_DEPRECATED_OBJC_IMPLEMENTATIONS = YES;
				CLANG_WARN_DIRECT_OBJC_ISA_USAGE = YES_ERROR;
				CLANG_WARN_DOCUMENTATION_COMMENTS = YES;
				CLANG_WARN_EMPTY_BODY = YES;
				CLANG_WARN_ENUM_CONVERSION = YES;
				CLANG_WARN_INFINITE_RECURSION = YES;
				CLANG_WARN_INT_CONVERSION = YES;
				CLANG_WARN_NON_LITERAL_NULL_CONVERSION = YES;
				CLANG_WARN_OBJC_IMPLICIT_RETAIN_SELF = YES;
				CLANG_WARN_OBJC_LITERAL_CONVERSION = YES;
				CLANG_WARN_OBJC_ROOT_CLASS = YES_ERROR;
				CLANG_WARN_QUOTED_INCLUDE_IN_FRAMEWORK_HEADER = YES;
				CLANG_WARN_RANGE_LOOP_ANALYSIS = YES;
				CLANG_WARN_STRICT_PROTOTYPES = YES;
				CLANG_WARN_SUSPICIOUS_MOVE = YES;
				CLANG_WARN_UNGUARDED_AVAILABILITY = YES_AGGRESSIVE;
				CLANG_WARN_UNREACHABLE_CODE = YES;
				CLANG_WARN__DUPLICATE_METHOD_MATCH = YES;
				COPY_PHASE_STRIP = NO;
				DEBUG_INFORMATION_FORMAT = "dwarf-with-dsym";
				ENABLE_NS_ASSERTIONS = NO;
				ENABLE_STRICT_OBJC_MSGSEND = YES;
				ENABLE_USER_SCRIPT_SANDBOXING = YES;
				GCC_C_LANGUAGE_STANDARD = gnu17;
				GCC_NO_COMMON_BLOCKS = YES;
				GCC_WARN_64_TO_32_BIT_CONVERSION = YES;
				GCC_WARN_ABOUT_RETURN_TYPE = YES_ERROR;
				GCC_WARN_UNDECLARED_SELECTOR = YES;
				GCC_WARN_UNINITIALIZED_AUTOS = YES_AGGRESSIVE;
				GCC_WARN_UNUSED_FUNCTION = YES;
				GCC_WARN_UNUSED_VARIABLE = YES;
				IPHONEOS_DEPLOYMENT_TARGET = 18.4;
				LOCALIZATION_PREFERS_STRING_CATALOGS = YES;
				MTL_ENABLE_DEBUG_INFO = NO;
				MTL_FAST_MATH = YES;
				SDKROOT = iphoneos;
				SWIFT_COMPILATION_MODE = wholemodule;
				VALIDATE_PRODUCT = YES;
			};
			name = Release;
		};
		84DD227E2DB01A5400309BF4 /* Debug */ = {
			isa = XCBuildConfiguration;
			buildSettings = {
				ASSETCATALOG_COMPILER_APPICON_NAME = AppIcon;
				ASSETCATALOG_COMPILER_GLOBAL_ACCENT_COLOR_NAME = AccentColor;
				CODE_SIGN_STYLE = Automatic;
				CURRENT_PROJECT_VERSION = 1;
				ENABLE_PREVIEWS = YES;
				GENERATE_INFOPLIST_FILE = YES;
				INFOPLIST_KEY_UIApplicationSceneManifest_Generation = YES;
				INFOPLIST_KEY_UIApplicationSupportsIndirectInputEvents = YES;
				INFOPLIST_KEY_UILaunchScreen_Generation = YES;
				INFOPLIST_KEY_UISupportedInterfaceOrientations_iPad = "UIInterfaceOrientationPortrait UIInterfaceOrientationPortraitUpsideDown UIInterfaceOrientationLandscapeLeft UIInterfaceOrientationLandscapeRight";
				INFOPLIST_KEY_UISupportedInterfaceOrientations_iPhone = "UIInterfaceOrientationPortrait UIInterfaceOrientationLandscapeLeft UIInterfaceOrientationLandscapeRight";
				LD_RUNPATH_SEARCH_PATHS = (
					"$(inherited)",
					"@executable_path/Frameworks",
				);
				MARKETING_VERSION = 1.0;
				PRODUCT_BUNDLE_IDENTIFIER = test.Rehal;
				PRODUCT_NAME = "$(TARGET_NAME)";
				SWIFT_EMIT_LOC_STRINGS = YES;
				SWIFT_VERSION = 5.0;
				TARGETED_DEVICE_FAMILY = "1,2";
			};
			name = Debug;
		};
		84DD227F2DB01A5400309BF4 /* Release */ = {
			isa = XCBuildConfiguration;
			buildSettings = {
				ASSETCATALOG_COMPILER_APPICON_NAME = AppIcon;
				ASSETCATALOG_COMPILER_GLOBAL_ACCENT_COLOR_NAME = AccentColor;
				CODE_SIGN_STYLE = Automatic;
				CURRENT_PROJECT_VERSION = 1;
				ENABLE_PREVIEWS = YES;
				GENERATE_INFOPLIST_FILE = YES;
				INFOPLIST_KEY_UIApplicationSceneManifest_Generation = YES;
				INFOPLIST_KEY_UIApplicationSupportsIndirectInputEvents = YES;
				INFOPLIST_KEY_UILaunchScreen_Generation = YES;
				INFOPLIST_KEY_UISupportedInterfaceOrientations_iPad = "UIInterfaceOrientationPortrait UIInterfaceOrientationPortraitUpsideDown UIInterfaceOrientationLandscapeLeft UIInterfaceOrientationLandscapeRight";
				INFOPLIST_KEY_UISupportedInterfaceOrientations_iPhone = "UIInterfaceOrientationPortrait UIInterfaceOrientationLandscapeLeft UIInterfaceOrientationLandscapeRight";
				LD_RUNPATH_SEARCH_PATHS = (
					"$(inherited)",
					"@executable_path/Frameworks",
				);
				MARKETING_VERSION = 1.0;
				PRODUCT_BUNDLE_IDENTIFIER = test.Rehal;
				PRODUCT_NAME = "$(TARGET_NAME)";
				SWIFT_EMIT_LOC_STRINGS = YES;
				SWIFT_VERSION = 5.0;
				TARGETED_DEVICE_FAMILY = "1,2";
			};
			name = Release;
		};
		84DD22812DB01A5400309BF4 /* Debug */ = {
			isa = XCBuildConfiguration;
			buildSettings = {
				BUNDLE_LOADER = "$(TEST_HOST)";
				CODE_SIGN_STYLE = Automatic;
				CURRENT_PROJECT_VERSION = 1;
				GENERATE_INFOPLIST_FILE = YES;
				IPHONEOS_DEPLOYMENT_TARGET = 18.4;
				MARKETING_VERSION = 1.0;
				PRODUCT_BUNDLE_IDENTIFIER = test.RehalTests;
				PRODUCT_NAME = "$(TARGET_NAME)";
				SWIFT_EMIT_LOC_STRINGS = NO;
				SWIFT_VERSION = 5.0;
				TARGETED_DEVICE_FAMILY = "1,2";
				TEST_HOST = "$(BUILT_PRODUCTS_DIR)/Rehal.app/$(BUNDLE_EXECUTABLE_FOLDER_PATH)/Rehal";
			};
			name = Debug;
		};
		84DD22822DB01A5400309BF4 /* Release */ = {
			isa = XCBuildConfiguration;
			buildSettings = {
				BUNDLE_LOADER = "$(TEST_HOST)";
				CODE_SIGN_STYLE = Automatic;
				CURRENT_PROJECT_VERSION = 1;
				GENERATE_INFOPLIST_FILE = YES;
				IPHONEOS_DEPLOYMENT_TARGET = 18.4;
				MARKETING_VERSION = 1.0;
				PRODUCT_BUNDLE_IDENTIFIER = test.RehalTests;
				PRODUCT_NAME = "$(TARGET_NAME)";
				SWIFT_EMIT_LOC_STRINGS = NO;
				SWIFT_VERSION = 5.0;
				TARGETED_DEVICE_FAMILY = "1,2";
				TEST_HOST = "$(BUILT_PRODUCTS_DIR)/Rehal.app/$(BUNDLE_EXECUTABLE_FOLDER_PATH)/Rehal";
			};
			name = Release;
		};
		84DD22842DB01A5400309BF4 /* Debug */ = {
			isa = XCBuildConfiguration;
			buildSettings = {
				CODE_SIGN_STYLE = Automatic;
				CURRENT_PROJECT_VERSION = 1;
				GENERATE_INFOPLIST_FILE = YES;
				MARKETING_VERSION = 1.0;
				PRODUCT_BUNDLE_IDENTIFIER = test.RehalUITests;
				PRODUCT_NAME = "$(TARGET_NAME)";
				SWIFT_EMIT_LOC_STRINGS = NO;
				SWIFT_VERSION = 5.0;
				TARGETED_DEVICE_FAMILY = "1,2";
				TEST_TARGET_NAME = Rehal;
			};
			name = Debug;
		};
		84DD22852DB01A5400309BF4 /* Release */ = {
			isa = XCBuildConfiguration;
			buildSettings = {
				CODE_SIGN_STYLE = Automatic;
				CURRENT_PROJECT_VERSION = 1;
				GENERATE_INFOPLIST_FILE = YES;
				MARKETING_VERSION = 1.0;
				PRODUCT_BUNDLE_IDENTIFIER = test.RehalUITests;
				PRODUCT_NAME = "$(TARGET_NAME)";
				SWIFT_EMIT_LOC_STRINGS = NO;
				SWIFT_VERSION = 5.0;
				TARGETED_DEVICE_FAMILY = "1,2";
				TEST_TARGET_NAME = Rehal;
			};
			name = Release;
		};
/* End XCBuildConfiguration section */

/* Begin XCConfigurationList section */
		84DD22572DB01A5300309BF4 /* Build configuration list for PBXProject "Rehal" */ = {
			isa = XCConfigurationList;
			buildConfigurations = (
				84DD227B2DB01A5400309BF4 /* Debug */,
				84DD227C2DB01A5400309BF4 /* Release */,
			);
			defaultConfigurationIsVisible = 0;
			defaultConfigurationName = Release;
		};
		84DD227D2DB01A5400309BF4 /* Build configuration list for PBXNativeTarget "Rehal" */ = {
			isa = XCConfigurationList;
			buildConfigurations = (
				84DD227E2DB01A5400309BF4 /* Debug */,
				84DD227F2DB01A5400309BF4 /* Release */,
			);
			defaultConfigurationIsVisible = 0;
			defaultConfigurationName = Release;
		};
		84DD22802DB01A5400309BF4 /* Build configuration list for PBXNativeTarget "RehalTests" */ = {
			isa = XCConfigurationList;
			buildConfigurations = (
				84DD22812DB01A5400309BF4 /* Debug */,
				84DD22822DB01A5400309BF4 /* Release */,
			);
			defaultConfigurationIsVisible = 0;
			defaultConfigurationName = Release;
		};
		84DD22832DB01A5400309BF4 /* Build configuration list for PBXNativeTarget "RehalUITests" */ = {
			isa = XCConfigurationList;
			buildConfigurations = (
				84DD22842DB01A5400309BF4 /* Debug */,
				84DD22852DB01A5400309BF4 /* Release */,
			);
			defaultConfigurationIsVisible = 0;
			defaultConfigurationName = Release;
		};
/* End XCConfigurationList section */

/* Begin XCRemoteSwiftPackageReference section */
		84CB6B992DB41E5C00A4A1D6 /* XCRemoteSwiftPackageReference "firebase-ios-sdk" */ = {
			isa = XCRemoteSwiftPackageReference;
			repositoryURL = "https://github.com/firebase/firebase-ios-sdk.git";
			requirement = {
				kind = upToNextMajorVersion;
				minimumVersion = 11.11.0;
			};
		};
		84DD22972DB020D200309BF4 /* XCRemoteSwiftPackageReference "supabase-swift" */ = {
			isa = XCRemoteSwiftPackageReference;
			repositoryURL = "https://github.com/supabase-community/supabase-swift";
			requirement = {
				kind = upToNextMajorVersion;
				minimumVersion = 2.5.1;
			};
		};
/* End XCRemoteSwiftPackageReference section */

/* Begin XCSwiftPackageProductDependency section */
		84CB6B9A2DB41E5C00A4A1D6 /* FirebaseAuth */ = {
			isa = XCSwiftPackageProductDependency;
			package = 84CB6B992DB41E5C00A4A1D6 /* XCRemoteSwiftPackageReference "firebase-ios-sdk" */;
			productName = FirebaseAuth;
		};
		84DD22982DB020D200309BF4 /* Supabase */ = {
			isa = XCSwiftPackageProductDependency;
			package = 84DD22972DB020D200309BF4 /* XCRemoteSwiftPackageReference "supabase-swift" */;
			productName = Supabase;
		};
/* End XCSwiftPackageProductDependency section */
	};
	rootObject = 84DD22542DB01A5300309BF4 /* Project object */;
}
