// !$*UTF8*$!
{
	archiveVersion = 1;
	classes = {
	};
	objectVersion = 56;
	objects = {

/* Begin PBXBuildFile section */
		84C0F5942DAABBFC00D50A61 /* Supabase in Frameworks */ = {isa = PBXBuildFile; productRef = 84C0F5932DAABBFC00D50A61 /* Supabase */; };
		84F017922DAA8344003A7B39 /* RehalltestApp.swift in Sources */ = {isa = PBXBuildFile; fileRef = 84F017912DAA8344003A7B39 /* RehalltestApp.swift */; };
		84F017942DAA8344003A7B39 /* ContentView.swift in Sources */ = {isa = PBXBuildFile; fileRef = 84F017932DAA8344003A7B39 /* ContentView.swift */; };
		84F017962DAA8345003A7B39 /* Assets.xcassets in Resources */ = {isa = PBXBuildFile; fileRef = 84F017952DAA8345003A7B39 /* Assets.xcassets */; };
		84F017992DAA8345003A7B39 /* Preview Assets.xcassets in Resources */ = {isa = PBXBuildFile; fileRef = 84F017982DAA8345003A7B39 /* Preview Assets.xcassets */; };
		84F017A32DAA8345003A7B39 /* RehalltestTests.swift in Sources */ = {isa = PBXBuildFile; fileRef = 84F017A22DAA8345003A7B39 /* RehalltestTests.swift */; };
		84F017AD2DAA8345003A7B39 /* RehalltestUITests.swift in Sources */ = {isa = PBXBuildFile; fileRef = 84F017AC2DAA8345003A7B39 /* RehalltestUITests.swift */; };
		84F017AF2DAA8345003A7B39 /* RehalltestUITestsLaunchTests.swift in Sources */ = {isa = PBXBuildFile; fileRef = 84F017AE2DAA8345003A7B39 /* RehalltestUITestsLaunchTests.swift */; };
		84F017BC2DAA85E7003A7B39 /* LoginView.swift in Sources */ = {isa = PBXBuildFile; fileRef = 84F017BB2DAA85E7003A7B39 /* LoginView.swift */; };
		84F017BE2DAA860C003A7B39 /* SignUpView.swift in Sources */ = {isa = PBXBuildFile; fileRef = 84F017BD2DAA860C003A7B39 /* SignUpView.swift */; };
		84F017C02DAA904B003A7B39 /* ForgotPasswordView.swift in Sources */ = {isa = PBXBuildFile; fileRef = 84F017BF2DAA904B003A7B39 /* ForgotPasswordView.swift */; };
/* End PBXBuildFile section */

/* Begin PBXContainerItemProxy section */
		84F0179F2DAA8345003A7B39 /* PBXContainerItemProxy */ = {
			isa = PBXContainerItemProxy;
			containerPortal = 84F017862DAA8344003A7B39 /* Project object */;
			proxyType = 1;
			remoteGlobalIDString = 84F0178D2DAA8344003A7B39;
			remoteInfo = Rehalltest;
		};
		84F017A92DAA8345003A7B39 /* PBXContainerItemProxy */ = {
			isa = PBXContainerItemProxy;
			containerPortal = 84F017862DAA8344003A7B39 /* Project object */;
			proxyType = 1;
			remoteGlobalIDString = 84F0178D2DAA8344003A7B39;
			remoteInfo = Rehalltest;
		};
/* End PBXContainerItemProxy section */

/* Begin PBXFileReference section */
		84F0178E2DAA8344003A7B39 /* Rehalltest.app */ = {isa = PBXFileReference; explicitFileType = wrapper.application; includeInIndex = 0; path = Rehalltest.app; sourceTree = BUILT_PRODUCTS_DIR; };
		84F017912DAA8344003A7B39 /* RehalltestApp.swift */ = {isa = PBXFileReference; lastKnownFileType = sourcecode.swift; path = RehalltestApp.swift; sourceTree = "<group>"; };
		84F017932DAA8344003A7B39 /* ContentView.swift */ = {isa = PBXFileReference; lastKnownFileType = sourcecode.swift; path = ContentView.swift; sourceTree = "<group>"; };
		84F017952DAA8345003A7B39 /* Assets.xcassets */ = {isa = PBXFileReference; lastKnownFileType = folder.assetcatalog; path = Assets.xcassets; sourceTree = "<group>"; };
		84F017982DAA8345003A7B39 /* Preview Assets.xcassets */ = {isa = PBXFileReference; lastKnownFileType = folder.assetcatalog; path = "Preview Assets.xcassets"; sourceTree = "<group>"; };
		84F0179E2DAA8345003A7B39 /* RehalltestTests.xctest */ = {isa = PBXFileReference; explicitFileType = wrapper.cfbundle; includeInIndex = 0; path = RehalltestTests.xctest; sourceTree = BUILT_PRODUCTS_DIR; };
		84F017A22DAA8345003A7B39 /* RehalltestTests.swift */ = {isa = PBXFileReference; lastKnownFileType = sourcecode.swift; path = RehalltestTests.swift; sourceTree = "<group>"; };
		84F017A82DAA8345003A7B39 /* RehalltestUITests.xctest */ = {isa = PBXFileReference; explicitFileType = wrapper.cfbundle; includeInIndex = 0; path = RehalltestUITests.xctest; sourceTree = BUILT_PRODUCTS_DIR; };
		84F017AC2DAA8345003A7B39 /* RehalltestUITests.swift */ = {isa = PBXFileReference; lastKnownFileType = sourcecode.swift; path = RehalltestUITests.swift; sourceTree = "<group>"; };
		84F017AE2DAA8345003A7B39 /* RehalltestUITestsLaunchTests.swift */ = {isa = PBXFileReference; lastKnownFileType = sourcecode.swift; path = RehalltestUITestsLaunchTests.swift; sourceTree = "<group>"; };
		84F017BB2DAA85E7003A7B39 /* LoginView.swift */ = {isa = PBXFileReference; lastKnownFileType = sourcecode.swift; path = LoginView.swift; sourceTree = "<group>"; };
		84F017BD2DAA860C003A7B39 /* SignUpView.swift */ = {isa = PBXFileReference; lastKnownFileType = sourcecode.swift; path = SignUpView.swift; sourceTree = "<group>"; };
		84F017BF2DAA904B003A7B39 /* ForgotPasswordView.swift */ = {isa = PBXFileReference; lastKnownFileType = sourcecode.swift; path = ForgotPasswordView.swift; sourceTree = "<group>"; };
/* End PBXFileReference section */

/* Begin PBXFrameworksBuildPhase section */
		84F0178B2DAA8344003A7B39 /* Frameworks */ = {
			isa = PBXFrameworksBuildPhase;
			buildActionMask = 2147483647;
			files = (
				84C0F5942DAABBFC00D50A61 /* Supabase in Frameworks */,
			);
			runOnlyForDeploymentPostprocessing = 0;
		};
		84F0179B2DAA8345003A7B39 /* Frameworks */ = {
			isa = PBXFrameworksBuildPhase;
			buildActionMask = 2147483647;
			files = (
			);
			runOnlyForDeploymentPostprocessing = 0;
		};
		84F017A52DAA8345003A7B39 /* Frameworks */ = {
			isa = PBXFrameworksBuildPhase;
			buildActionMask = 2147483647;
			files = (
			);
			runOnlyForDeploymentPostprocessing = 0;
		};
/* End PBXFrameworksBuildPhase section */

/* Begin PBXGroup section */
		84F017852DAA8344003A7B39 = {
			isa = PBXGroup;
			children = (
				84F017902DAA8344003A7B39 /* Rehalltest */,
				84F017A12DAA8345003A7B39 /* RehalltestTests */,
				84F017AB2DAA8345003A7B39 /* RehalltestUITests */,
				84F0178F2DAA8344003A7B39 /* Products */,
			);
			sourceTree = "<group>";
		};
		84F0178F2DAA8344003A7B39 /* Products */ = {
			isa = PBXGroup;
			children = (
				84F0178E2DAA8344003A7B39 /* Rehalltest.app */,
				84F0179E2DAA8345003A7B39 /* RehalltestTests.xctest */,
				84F017A82DAA8345003A7B39 /* RehalltestUITests.xctest */,
			);
			name = Products;
			sourceTree = "<group>";
		};
		84F017902DAA8344003A7B39 /* Rehalltest */ = {
			isa = PBXGroup;
			children = (
				84F017912DAA8344003A7B39 /* RehalltestApp.swift */,
				84F017932DAA8344003A7B39 /* ContentView.swift */,
				84F017952DAA8345003A7B39 /* Assets.xcassets */,
				84F017972DAA8345003A7B39 /* Preview Content */,
				84F017BB2DAA85E7003A7B39 /* LoginView.swift */,
				84F017BD2DAA860C003A7B39 /* SignUpView.swift */,
				84F017BF2DAA904B003A7B39 /* ForgotPasswordView.swift */,
			);
			path = Rehalltest;
			sourceTree = "<group>";
		};
		84F017972DAA8345003A7B39 /* Preview Content */ = {
			isa = PBXGroup;
			children = (
				84F017982DAA8345003A7B39 /* Preview Assets.xcassets */,
			);
			path = "Preview Content";
			sourceTree = "<group>";
		};
		84F017A12DAA8345003A7B39 /* RehalltestTests */ = {
			isa = PBXGroup;
			children = (
				84F017A22DAA8345003A7B39 /* RehalltestTests.swift */,
			);
			path = RehalltestTests;
			sourceTree = "<group>";
		};
		84F017AB2DAA8345003A7B39 /* RehalltestUITests */ = {
			isa = PBXGroup;
			children = (
				84F017AC2DAA8345003A7B39 /* RehalltestUITests.swift */,
				84F017AE2DAA8345003A7B39 /* RehalltestUITestsLaunchTests.swift */,
			);
			path = RehalltestUITests;
			sourceTree = "<group>";
		};
/* End PBXGroup section */

/* Begin PBXNativeTarget section */
		84F0178D2DAA8344003A7B39 /* Rehalltest */ = {
			isa = PBXNativeTarget;
			buildConfigurationList = 84F017B22DAA8345003A7B39 /* Build configuration list for PBXNativeTarget "Rehalltest" */;
			buildPhases = (
				84F0178A2DAA8344003A7B39 /* Sources */,
				84F0178B2DAA8344003A7B39 /* Frameworks */,
				84F0178C2DAA8344003A7B39 /* Resources */,
			);
			buildRules = (
			);
			dependencies = (
			);
			name = Rehalltest;
			packageProductDependencies = (
				84C0F5932DAABBFC00D50A61 /* Supabase */,
			);
			productName = Rehalltest;
			productReference = 84F0178E2DAA8344003A7B39 /* Rehalltest.app */;
			productType = "com.apple.product-type.application";
		};
		84F0179D2DAA8345003A7B39 /* RehalltestTests */ = {
			isa = PBXNativeTarget;
			buildConfigurationList = 84F017B52DAA8345003A7B39 /* Build configuration list for PBXNativeTarget "RehalltestTests" */;
			buildPhases = (
				84F0179A2DAA8345003A7B39 /* Sources */,
				84F0179B2DAA8345003A7B39 /* Frameworks */,
				84F0179C2DAA8345003A7B39 /* Resources */,
			);
			buildRules = (
			);
			dependencies = (
				84F017A02DAA8345003A7B39 /* PBXTargetDependency */,
			);
			name = RehalltestTests;
			productName = RehalltestTests;
			productReference = 84F0179E2DAA8345003A7B39 /* RehalltestTests.xctest */;
			productType = "com.apple.product-type.bundle.unit-test";
		};
		84F017A72DAA8345003A7B39 /* RehalltestUITests */ = {
			isa = PBXNativeTarget;
			buildConfigurationList = 84F017B82DAA8345003A7B39 /* Build configuration list for PBXNativeTarget "RehalltestUITests" */;
			buildPhases = (
				84F017A42DAA8345003A7B39 /* Sources */,
				84F017A52DAA8345003A7B39 /* Frameworks */,
				84F017A62DAA8345003A7B39 /* Resources */,
			);
			buildRules = (
			);
			dependencies = (
				84F017AA2DAA8345003A7B39 /* PBXTargetDependency */,
			);
			name = RehalltestUITests;
			productName = RehalltestUITests;
			productReference = 84F017A82DAA8345003A7B39 /* RehalltestUITests.xctest */;
			productType = "com.apple.product-type.bundle.ui-testing";
		};
/* End PBXNativeTarget section */

/* Begin PBXProject section */
		84F017862DAA8344003A7B39 /* Project object */ = {
			isa = PBXProject;
			attributes = {
				BuildIndependentTargetsInParallel = 1;
				LastSwiftUpdateCheck = 1430;
				LastUpgradeCheck = 1430;
				TargetAttributes = {
					84F0178D2DAA8344003A7B39 = {
						CreatedOnToolsVersion = 14.3.1;
					};
					84F0179D2DAA8345003A7B39 = {
						CreatedOnToolsVersion = 14.3.1;
						TestTargetID = 84F0178D2DAA8344003A7B39;
					};
					84F017A72DAA8345003A7B39 = {
						CreatedOnToolsVersion = 14.3.1;
						TestTargetID = 84F0178D2DAA8344003A7B39;
					};
				};
			};
			buildConfigurationList = 84F017892DAA8344003A7B39 /* Build configuration list for PBXProject "Rehalltest" */;
			compatibilityVersion = "Xcode 14.0";
			developmentRegion = en;
			hasScannedForEncodings = 0;
			knownRegions = (
				en,
				Base,
			);
			mainGroup = 84F017852DAA8344003A7B39;
			packageReferences = (
				84C0F5922DAABBFC00D50A61 /* XCRemoteSwiftPackageReference "supabase-swift" */,
			);
			productRefGroup = 84F0178F2DAA8344003A7B39 /* Products */;
			projectDirPath = "";
			projectRoot = "";
			targets = (
				84F0178D2DAA8344003A7B39 /* Rehalltest */,
				84F0179D2DAA8345003A7B39 /* RehalltestTests */,
				84F017A72DAA8345003A7B39 /* RehalltestUITests */,
			);
		};
/* End PBXProject section */

/* Begin PBXResourcesBuildPhase section */
		84F0178C2DAA8344003A7B39 /* Resources */ = {
			isa = PBXResourcesBuildPhase;
			buildActionMask = 2147483647;
			files = (
				84F017992DAA8345003A7B39 /* Preview Assets.xcassets in Resources */,
				84F017962DAA8345003A7B39 /* Assets.xcassets in Resources */,
			);
			runOnlyForDeploymentPostprocessing = 0;
		};
		84F0179C2DAA8345003A7B39 /* Resources */ = {
			isa = PBXResourcesBuildPhase;
			buildActionMask = 2147483647;
			files = (
			);
			runOnlyForDeploymentPostprocessing = 0;
		};
		84F017A62DAA8345003A7B39 /* Resources */ = {
			isa = PBXResourcesBuildPhase;
			buildActionMask = 2147483647;
			files = (
			);
			runOnlyForDeploymentPostprocessing = 0;
		};
/* End PBXResourcesBuildPhase section */

/* Begin PBXSourcesBuildPhase section */
		84F0178A2DAA8344003A7B39 /* Sources */ = {
			isa = PBXSourcesBuildPhase;
			buildActionMask = 2147483647;
			files = (
				84F017BE2DAA860C003A7B39 /* SignUpView.swift in Sources */,
				84F017BC2DAA85E7003A7B39 /* LoginView.swift in Sources */,
				84F017942DAA8344003A7B39 /* ContentView.swift in Sources */,
				84F017C02DAA904B003A7B39 /* ForgotPasswordView.swift in Sources */,
				84F017922DAA8344003A7B39 /* RehalltestApp.swift in Sources */,
			);
			runOnlyForDeploymentPostprocessing = 0;
		};
		84F0179A2DAA8345003A7B39 /* Sources */ = {
			isa = PBXSourcesBuildPhase;
			buildActionMask = 2147483647;
			files = (
				84F017A32DAA8345003A7B39 /* RehalltestTests.swift in Sources */,
			);
			runOnlyForDeploymentPostprocessing = 0;
		};
		84F017A42DAA8345003A7B39 /* Sources */ = {
			isa = PBXSourcesBuildPhase;
			buildActionMask = 2147483647;
			files = (
				84F017AF2DAA8345003A7B39 /* RehalltestUITestsLaunchTests.swift in Sources */,
				84F017AD2DAA8345003A7B39 /* RehalltestUITests.swift in Sources */,
			);
			runOnlyForDeploymentPostprocessing = 0;
		};
/* End PBXSourcesBuildPhase section */

/* Begin PBXTargetDependency section */
		84F017A02DAA8345003A7B39 /* PBXTargetDependency */ = {
			isa = PBXTargetDependency;
			target = 84F0178D2DAA8344003A7B39 /* Rehalltest */;
			targetProxy = 84F0179F2DAA8345003A7B39 /* PBXContainerItemProxy */;
		};
		84F017AA2DAA8345003A7B39 /* PBXTargetDependency */ = {
			isa = PBXTargetDependency;
			target = 84F0178D2DAA8344003A7B39 /* Rehalltest */;
			targetProxy = 84F017A92DAA8345003A7B39 /* PBXContainerItemProxy */;
		};
/* End PBXTargetDependency section */

/* Begin XCBuildConfiguration section */
		84F017B02DAA8345003A7B39 /* Debug */ = {
			isa = XCBuildConfiguration;
			buildSettings = {
				ALWAYS_SEARCH_USER_PATHS = NO;
				CLANG_ANALYZER_NONNULL = YES;
				CLANG_ANALYZER_NUMBER_OBJECT_CONVERSION = YES_AGGRESSIVE;
				CLANG_CXX_LANGUAGE_STANDARD = "gnu++20";
				CLANG_ENABLE_MODULES = YES;
				CLANG_ENABLE_OBJC_ARC = YES;
				CLANG_ENABLE_OBJC_WEAK = YES;
				CLANG_WARN_BLOCK_CAPTURE_AUTORELEASING = YES;
				CLANG_WARN_BOOL_CONVERSION = YES;
				CLANG_WARN_COMMA = YES;
				CLANG_WARN_CONSTANT_CONVERSION = YES;
				CLANG_WARN_DEPRECATED_OBJC_IMPLEMENTATIONS = YES;
				CLANG_WARN_DIRECT_OBJC_ISA_USAGE = YES_ERROR;
				CLANG_WARN_DOCUMENTATION_COMMENTS = YES;
				CLANG_WARN_EMPTY_BODY = YES;
				CLANG_WARN_ENUM_CONVERSION = YES;
				CLANG_WARN_INFINITE_RECURSION = YES;
				CLANG_WARN_INT_CONVERSION = YES;
				CLANG_WARN_NON_LITERAL_NULL_CONVERSION = YES;
				CLANG_WARN_OBJC_IMPLICIT_RETAIN_SELF = YES;
				CLANG_WARN_OBJC_LITERAL_CONVERSION = YES;
				CLANG_WARN_OBJC_ROOT_CLASS = YES_ERROR;
				CLANG_WARN_QUOTED_INCLUDE_IN_FRAMEWORK_HEADER = YES;
				CLANG_WARN_RANGE_LOOP_ANALYSIS = YES;
				CLANG_WARN_STRICT_PROTOTYPES = YES;
				CLANG_WARN_SUSPICIOUS_MOVE = YES;
				CLANG_WARN_UNGUARDED_AVAILABILITY = YES_AGGRESSIVE;
				CLANG_WARN_UNREACHABLE_CODE = YES;
				CLANG_WARN__DUPLICATE_METHOD_MATCH = YES;
				COPY_PHASE_STRIP = NO;
				DEBUG_INFORMATION_FORMAT = dwarf;
				ENABLE_STRICT_OBJC_MSGSEND = YES;
				ENABLE_TESTABILITY = YES;
				GCC_C_LANGUAGE_STANDARD = gnu11;
				GCC_DYNAMIC_NO_PIC = NO;
				GCC_NO_COMMON_BLOCKS = YES;
				GCC_OPTIMIZATION_LEVEL = 0;
				GCC_PREPROCESSOR_DEFINITIONS = (
					"DEBUG=1",
					"$(inherited)",
				);
				GCC_WARN_64_TO_32_BIT_CONVERSION = YES;
				GCC_WARN_ABOUT_RETURN_TYPE = YES_ERROR;
				GCC_WARN_UNDECLARED_SELECTOR = YES;
				GCC_WARN_UNINITIALIZED_AUTOS = YES_AGGRESSIVE;
				GCC_WARN_UNUSED_FUNCTION = YES;
				GCC_WARN_UNUSED_VARIABLE = YES;
				IPHONEOS_DEPLOYMENT_TARGET = 16.4;
				MTL_ENABLE_DEBUG_INFO = INCLUDE_SOURCE;
				MTL_FAST_MATH = YES;
				ONLY_ACTIVE_ARCH = YES;
				SDKROOT = iphoneos;
				SWIFT_ACTIVE_COMPILATION_CONDITIONS = DEBUG;
				SWIFT_OPTIMIZATION_LEVEL = "-Onone";
			};
			name = Debug;
		};
		84F017B12DAA8345003A7B39 /* Release */ = {
			isa = XCBuildConfiguration;
			buildSettings = {
				ALWAYS_SEARCH_USER_PATHS = NO;
				CLANG_ANALYZER_NONNULL = YES;
				CLANG_ANALYZER_NUMBER_OBJECT_CONVERSION = YES_AGGRESSIVE;
				CLANG_CXX_LANGUAGE_STANDARD = "gnu++20";
				CLANG_ENABLE_MODULES = YES;
				CLANG_ENABLE_OBJC_ARC = YES;
				CLANG_ENABLE_OBJC_WEAK = YES;
				CLANG_WARN_BLOCK_CAPTURE_AUTORELEASING = YES;
				CLANG_WARN_BOOL_CONVERSION = YES;
				CLANG_WARN_COMMA = YES;
				CLANG_WARN_CONSTANT_CONVERSION = YES;
				CLANG_WARN_DEPRECATED_OBJC_IMPLEMENTATIONS = YES;
				CLANG_WARN_DIRECT_OBJC_ISA_USAGE = YES_ERROR;
				CLANG_WARN_DOCUMENTATION_COMMENTS = YES;
				CLANG_WARN_EMPTY_BODY = YES;
				CLANG_WARN_ENUM_CONVERSION = YES;
				CLANG_WARN_INFINITE_RECURSION = YES;
				CLANG_WARN_INT_CONVERSION = YES;
				CLANG_WARN_NON_LITERAL_NULL_CONVERSION = YES;
				CLANG_WARN_OBJC_IMPLICIT_RETAIN_SELF = YES;
				CLANG_WARN_OBJC_LITERAL_CONVERSION = YES;
				CLANG_WARN_OBJC_ROOT_CLASS = YES_ERROR;
				CLANG_WARN_QUOTED_INCLUDE_IN_FRAMEWORK_HEADER = YES;
				CLANG_WARN_RANGE_LOOP_ANALYSIS = YES;
				CLANG_WARN_STRICT_PROTOTYPES = YES;
				CLANG_WARN_SUSPICIOUS_MOVE = YES;
				CLANG_WARN_UNGUARDED_AVAILABILITY = YES_AGGRESSIVE;
				CLANG_WARN_UNREACHABLE_CODE = YES;
				CLANG_WARN__DUPLICATE_METHOD_MATCH = YES;
				COPY_PHASE_STRIP = NO;
				DEBUG_INFORMATION_FORMAT = "dwarf-with-dsym";
				ENABLE_NS_ASSERTIONS = NO;
				ENABLE_STRICT_OBJC_MSGSEND = YES;
				GCC_C_LANGUAGE_STANDARD = gnu11;
				GCC_NO_COMMON_BLOCKS = YES;
				GCC_WARN_64_TO_32_BIT_CONVERSION = YES;
				GCC_WARN_ABOUT_RETURN_TYPE = YES_ERROR;
				GCC_WARN_UNDECLARED_SELECTOR = YES;
				GCC_WARN_UNINITIALIZED_AUTOS = YES_AGGRESSIVE;
				GCC_WARN_UNUSED_FUNCTION = YES;
				GCC_WARN_UNUSED_VARIABLE = YES;
				IPHONEOS_DEPLOYMENT_TARGET = 16.4;
				MTL_ENABLE_DEBUG_INFO = NO;
				MTL_FAST_MATH = YES;
				SDKROOT = iphoneos;
				SWIFT_COMPILATION_MODE = wholemodule;
				SWIFT_OPTIMIZATION_LEVEL = "-O";
				VALIDATE_PRODUCT = YES;
			};
			name = Release;
		};
		84F017B32DAA8345003A7B39 /* Debug */ = {
			isa = XCBuildConfiguration;
			buildSettings = {
				ASSETCATALOG_COMPILER_APPICON_NAME = AppIcon;
				ASSETCATALOG_COMPILER_GLOBAL_ACCENT_COLOR_NAME = AccentColor;
				CODE_SIGN_STYLE = Automatic;
				CURRENT_PROJECT_VERSION = 1;
				DEVELOPMENT_ASSET_PATHS = "\"Rehalltest/Preview Content\"";
				ENABLE_PREVIEWS = YES;
				GENERATE_INFOPLIST_FILE = YES;
				INFOPLIST_KEY_UIApplicationSceneManifest_Generation = YES;
				INFOPLIST_KEY_UIApplicationSupportsIndirectInputEvents = YES;
				INFOPLIST_KEY_UILaunchScreen_Generation = YES;
				INFOPLIST_KEY_UISupportedInterfaceOrientations_iPad = "UIInterfaceOrientationPortrait UIInterfaceOrientationPortraitUpsideDown UIInterfaceOrientationLandscapeLeft UIInterfaceOrientationLandscapeRight";
				INFOPLIST_KEY_UISupportedInterfaceOrientations_iPhone = "UIInterfaceOrientationPortrait UIInterfaceOrientationLandscapeLeft UIInterfaceOrientationLandscapeRight";
				LD_RUNPATH_SEARCH_PATHS = (
					"$(inherited)",
					"@executable_path/Frameworks",
				);
				MARKETING_VERSION = 1.0;
				PRODUCT_BUNDLE_IDENTIFIER = test.Rehalltest;
				PRODUCT_NAME = "$(TARGET_NAME)";
				SWIFT_EMIT_LOC_STRINGS = YES;
				SWIFT_VERSION = 5.0;
				TARGETED_DEVICE_FAMILY = "1,2";
			};
			name = Debug;
		};
		84F017B42DAA8345003A7B39 /* Release */ = {
			isa = XCBuildConfiguration;
			buildSettings = {
				ASSETCATALOG_COMPILER_APPICON_NAME = AppIcon;
				ASSETCATALOG_COMPILER_GLOBAL_ACCENT_COLOR_NAME = AccentColor;
				CODE_SIGN_STYLE = Automatic;
				CURRENT_PROJECT_VERSION = 1;
				DEVELOPMENT_ASSET_PATHS = "\"Rehalltest/Preview Content\"";
				ENABLE_PREVIEWS = YES;
				GENERATE_INFOPLIST_FILE = YES;
				INFOPLIST_KEY_UIApplicationSceneManifest_Generation = YES;
				INFOPLIST_KEY_UIApplicationSupportsIndirectInputEvents = YES;
				INFOPLIST_KEY_UILaunchScreen_Generation = YES;
				INFOPLIST_KEY_UISupportedInterfaceOrientations_iPad = "UIInterfaceOrientationPortrait UIInterfaceOrientationPortraitUpsideDown UIInterfaceOrientationLandscapeLeft UIInterfaceOrientationLandscapeRight";
				INFOPLIST_KEY_UISupportedInterfaceOrientations_iPhone = "UIInterfaceOrientationPortrait UIInterfaceOrientationLandscapeLeft UIInterfaceOrientationLandscapeRight";
				LD_RUNPATH_SEARCH_PATHS = (
					"$(inherited)",
					"@executable_path/Frameworks",
				);
				MARKETING_VERSION = 1.0;
				PRODUCT_BUNDLE_IDENTIFIER = test.Rehalltest;
				PRODUCT_NAME = "$(TARGET_NAME)";
				SWIFT_EMIT_LOC_STRINGS = YES;
				SWIFT_VERSION = 5.0;
				TARGETED_DEVICE_FAMILY = "1,2";
			};
			name = Release;
		};
		84F017B62DAA8345003A7B39 /* Debug */ = {
			isa = XCBuildConfiguration;
			buildSettings = {
				ALWAYS_EMBED_SWIFT_STANDARD_LIBRARIES = YES;
				BUNDLE_LOADER = "$(TEST_HOST)";
				CODE_SIGN_STYLE = Automatic;
				CURRENT_PROJECT_VERSION = 1;
				GENERATE_INFOPLIST_FILE = YES;
				IPHONEOS_DEPLOYMENT_TARGET = 16.4;
				MARKETING_VERSION = 1.0;
				PRODUCT_BUNDLE_IDENTIFIER = test.RehalltestTests;
				PRODUCT_NAME = "$(TARGET_NAME)";
				SWIFT_EMIT_LOC_STRINGS = NO;
				SWIFT_VERSION = 5.0;
				TARGETED_DEVICE_FAMILY = "1,2";
				TEST_HOST = "$(BUILT_PRODUCTS_DIR)/Rehalltest.app/$(BUNDLE_EXECUTABLE_FOLDER_PATH)/Rehalltest";
			};
			name = Debug;
		};
		84F017B72DAA8345003A7B39 /* Release */ = {
			isa = XCBuildConfiguration;
			buildSettings = {
				ALWAYS_EMBED_SWIFT_STANDARD_LIBRARIES = YES;
				BUNDLE_LOADER = "$(TEST_HOST)";
				CODE_SIGN_STYLE = Automatic;
				CURRENT_PROJECT_VERSION = 1;
				GENERATE_INFOPLIST_FILE = YES;
				IPHONEOS_DEPLOYMENT_TARGET = 16.4;
				MARKETING_VERSION = 1.0;
				PRODUCT_BUNDLE_IDENTIFIER = test.RehalltestTests;
				PRODUCT_NAME = "$(TARGET_NAME)";
				SWIFT_EMIT_LOC_STRINGS = NO;
				SWIFT_VERSION = 5.0;
				TARGETED_DEVICE_FAMILY = "1,2";
				TEST_HOST = "$(BUILT_PRODUCTS_DIR)/Rehalltest.app/$(BUNDLE_EXECUTABLE_FOLDER_PATH)/Rehalltest";
			};
			name = Release;
		};
		84F017B92DAA8345003A7B39 /* Debug */ = {
			isa = XCBuildConfiguration;
			buildSettings = {
				ALWAYS_EMBED_SWIFT_STANDARD_LIBRARIES = YES;
				CODE_SIGN_STYLE = Automatic;
				CURRENT_PROJECT_VERSION = 1;
				GENERATE_INFOPLIST_FILE = YES;
				MARKETING_VERSION = 1.0;
				PRODUCT_BUNDLE_IDENTIFIER = test.RehalltestUITests;
				PRODUCT_NAME = "$(TARGET_NAME)";
				SWIFT_EMIT_LOC_STRINGS = NO;
				SWIFT_VERSION = 5.0;
				TARGETED_DEVICE_FAMILY = "1,2";
				TEST_TARGET_NAME = Rehalltest;
			};
			name = Debug;
		};
		84F017BA2DAA8345003A7B39 /* Release */ = {
			isa = XCBuildConfiguration;
			buildSettings = {
				ALWAYS_EMBED_SWIFT_STANDARD_LIBRARIES = YES;
				CODE_SIGN_STYLE = Automatic;
				CURRENT_PROJECT_VERSION = 1;
				GENERATE_INFOPLIST_FILE = YES;
				MARKETING_VERSION = 1.0;
				PRODUCT_BUNDLE_IDENTIFIER = test.RehalltestUITests;
				PRODUCT_NAME = "$(TARGET_NAME)";
				SWIFT_EMIT_LOC_STRINGS = NO;
				SWIFT_VERSION = 5.0;
				TARGETED_DEVICE_FAMILY = "1,2";
				TEST_TARGET_NAME = Rehalltest;
			};
			name = Release;
		};
/* End XCBuildConfiguration section */

/* Begin XCConfigurationList section */
		84F017892DAA8344003A7B39 /* Build configuration list for PBXProject "Rehalltest" */ = {
			isa = XCConfigurationList;
			buildConfigurations = (
				84F017B02DAA8345003A7B39 /* Debug */,
				84F017B12DAA8345003A7B39 /* Release */,
			);
			defaultConfigurationIsVisible = 0;
			defaultConfigurationName = Release;
		};
		84F017B22DAA8345003A7B39 /* Build configuration list for PBXNativeTarget "Rehalltest" */ = {
			isa = XCConfigurationList;
			buildConfigurations = (
				84F017B32DAA8345003A7B39 /* Debug */,
				84F017B42DAA8345003A7B39 /* Release */,
			);
			defaultConfigurationIsVisible = 0;
			defaultConfigurationName = Release;
		};
		84F017B52DAA8345003A7B39 /* Build configuration list for PBXNativeTarget "RehalltestTests" */ = {
			isa = XCConfigurationList;
			buildConfigurations = (
				84F017B62DAA8345003A7B39 /* Debug */,
				84F017B72DAA8345003A7B39 /* Release */,
			);
			defaultConfigurationIsVisible = 0;
			defaultConfigurationName = Release;
		};
		84F017B82DAA8345003A7B39 /* Build configuration list for PBXNativeTarget "RehalltestUITests" */ = {
			isa = XCConfigurationList;
			buildConfigurations = (
				84F017B92DAA8345003A7B39 /* Debug */,
				84F017BA2DAA8345003A7B39 /* Release */,
			);
			defaultConfigurationIsVisible = 0;
			defaultConfigurationName = Release;
		};
/* End XCConfigurationList section */

/* Begin XCRemoteSwiftPackageReference section */
		84C0F5922DAABBFC00D50A61 /* XCRemoteSwiftPackageReference "supabase-swift" */ = {
			isa = XCRemoteSwiftPackageReference;
			repositoryURL = "https://github.com/supabase-community/supabase-swift";
			requirement = {
				kind = upToNextMajorVersion;
				minimumVersion = 2.0.0;
			};
		};
/* End XCRemoteSwiftPackageReference section */

/* Begin XCSwiftPackageProductDependency section */
		84C0F5932DAABBFC00D50A61 /* Supabase */ = {
			isa = XCSwiftPackageProductDependency;
			package = 84C0F5922DAABBFC00D50A61 /* XCRemoteSwiftPackageReference "supabase-swift" */;
			productName = Supabase;
		};
/* End XCSwiftPackageProductDependency section */
	};
	rootObject = 84F017862DAA8344003A7B39 /* Project object */;
}
